
Microsoft Visual Studio Solution File, Format Version 12.00
# Visual Studio Version 16
VisualStudioVersion = 16.0.32510.428
MinimumVisualStudioVersion = 10.0.40219.1
Project("{9A19103F-16F7-4668-BE54-9A1E7A4F7556}") = "If Else Statement", "If Else Statement\If Else Statement.csproj", "{0304C24D-70A9-45E7-9662-75D204AD0F81}"
EndProject
Project("{9A19103F-16F7-4668-BE54-9A1E7A4F7556}") = "Else If Statement", "Else If Statement\Else If Statement.csproj", "{B4B34D51-4561-430E-AA7E-2A0FE5213B00}"
EndProject
Project("{9A19103F-16F7-4668-BE54-9A1E7A4F7556}") = "Call By Value Function", "Call By Value Function\Call By Value Function.csproj", "{09A58B99-555F-4E85-BDDE-262E9D121EBD}"
EndProject
Project("{9A19103F-16F7-4668-BE54-9A1E7A4F7556}") = "Call By Reference Function", "Call By Reference Function\Call By Reference Function.csproj", "{AE8C53A0-1690-4E4A-AA8A-A7EA9C4A7304}"
EndProject
Project("{9A19103F-16F7-4668-BE54-9A1E7A4F7556}") = "Out Parameter Function", "Out Parameter Function\Out Parameter Function.csproj", "{DEF7DC14-802B-432C-84BD-4D5B38F06CA6}"
EndProject
Project("{9A19103F-16F7-4668-BE54-9A1E7A4F7556}") = "MultiDimension Array", "MultiDimension Array\MultiDimension Array.csproj", "{B6D57EFC-8354-40FD-A96B-FC8F4B4AD669}"
EndProject
Project("{9A19103F-16F7-4668-BE54-9A1E7A4F7556}") = "Default Constructor", "Default Constructor\Default Constructor.csproj", "{698C4BDB-8EEB-44E7-AE54-91C71F4A7B19}"
EndProject
Project("{9A19103F-16F7-4668-BE54-9A1E7A4F7556}") = "Parameterized Constructor", "Parameterized Constructor\Parameterized Constructor.csproj", "{E92D910A-540D-4204-ADAB-B1ABC60B8F59}"
EndProject
Project("{9A19103F-16F7-4668-BE54-9A1E7A4F7556}") = "Static Class", "Static Class\Static Class.csproj", "{7AF889C0-5D83-4DA6-BD2F-067BCDB91B20}"
EndProject
Project("{9A19103F-16F7-4668-BE54-9A1E7A4F7556}") = "Struct", "Struct\Struct.csproj", "{0F242702-64F7-48D6-8CCE-B5E25DC60224}"
EndProject
Project("{9A19103F-16F7-4668-BE54-9A1E7A4F7556}") = "Enum (Enumeration)", "Enum (Enumeration)\Enum (Enumeration).csproj", "{34C52DB4-7F1F-4561-9E43-A4611917B7C7}"
EndProject
Project("{9A19103F-16F7-4668-BE54-9A1E7A4F7556}") = "Enum Set Starting Index", "Enum Set Starting Index\Enum Set Starting Index.csproj", "{371D16FB-0172-48F0-9EA5-58C9B12DEABD}"
EndProject
Project("{9A19103F-16F7-4668-BE54-9A1E7A4F7556}") = "Enum traversing all values using getNames", "Enum traversing all values using getNames\Enum traversing all values using getNames.csproj", "{FE6A16AD-E075-4715-AB71-BEC1F8CB5C58}"
EndProject
Project("{9A19103F-16F7-4668-BE54-9A1E7A4F7556}") = "Single Level Inheritance", "Single Level Inheritance\Single Level Inheritance.csproj", "{E60448E7-5ED1-436B-9420-23AD3228E9A5}"
EndProject
Project("{9A19103F-16F7-4668-BE54-9A1E7A4F7556}") = "Multi level inheritance", "Multi level inheritance\Multi level inheritance.csproj", "{5C4CF8D3-BE02-4480-8645-9240F54D367B}"
EndProject
Project("{9A19103F-16F7-4668-BE54-9A1E7A4F7556}") = "Method Overloading", "Method Overloading\Method Overloading.csproj", "{D607CE5E-FF61-4E15-8DA7-29ADCDBD4DFD}"
EndProject
Project("{9A19103F-16F7-4668-BE54-9A1E7A4F7556}") = "Method Overriding", "Method Overriding\Method Overriding.csproj", "{93ABAAA1-A5E4-4708-B882-657D7B127F35}"
EndProject
Project("{9A19103F-16F7-4668-BE54-9A1E7A4F7556}") = "Sealed Class", "Sealed Class\Sealed Class.csproj", "{8BA7FC03-5460-42DA-81D5-703CCF74906A}"
EndProject
Project("{9A19103F-16F7-4668-BE54-9A1E7A4F7556}") = "Lambda Expression", "Lambda Expression\Lambda Expression.csproj", "{07EC6A81-AA76-4EDA-8D4C-0F6F4B767064}"
EndProject
Project("{9A19103F-16F7-4668-BE54-9A1E7A4F7556}") = "Dependency Injection", "Dependency Injection\Dependency Injection.csproj", "{861953F2-E7EC-4504-9652-9F51F4A9F880}"
EndProject
Project("{9A19103F-16F7-4668-BE54-9A1E7A4F7556}") = "Abstract Class", "Abstract Class\Abstract Class.csproj", "{ACD58EF7-8A37-433B-914C-F6CA5271DC89}"
EndProject
Project("{9A19103F-16F7-4668-BE54-9A1E7A4F7556}") = "Interface Implementation", "Interface Implementation\Interface Implementation.csproj", "{6CC6ECE0-9739-4866-AAC3-DB2165719BE3}"
EndProject
Project("{9A19103F-16F7-4668-BE54-9A1E7A4F7556}") = "Public Access Moodifier", "Public Access Moodifier\Public Access Moodifier.csproj", "{5B93BACE-BF27-4806-9A2F-16BE43C9BBBF}"
EndProject
Project("{9A19103F-16F7-4668-BE54-9A1E7A4F7556}") = "Protected Access Modifier", "Protected Access Modifier\Protected Access Modifier.csproj", "{783783B1-A4FF-453E-A649-A4D73F008DE5}"
EndProject
Project("{9A19103F-16F7-4668-BE54-9A1E7A4F7556}") = "Internal Access Modifier", "Internal Access Modifier\Internal Access Modifier.csproj", "{84503723-B487-4323-9EA1-1F4BA28F9FB7}"
EndProject
Project("{9A19103F-16F7-4668-BE54-9A1E7A4F7556}") = "Private Access Modifier", "Private Access Modifier\Private Access Modifier.csproj", "{FF2B3166-E06E-4366-9EB4-DB02C2C23D6B}"
EndProject
Project("{9A19103F-16F7-4668-BE54-9A1E7A4F7556}") = "Encapsulation", "Encapsulation\Encapsulation.csproj", "{EC4BB397-85D1-4B46-BC96-A7D5E261A538}"
EndProject
Project("{9A19103F-16F7-4668-BE54-9A1E7A4F7556}") = "Exception Handling", "Exception Handling\Exception Handling.csproj", "{C01EFAC5-6410-4524-AE03-21ABCC113C15}"
EndProject
Project("{9A19103F-16F7-4668-BE54-9A1E7A4F7556}") = "Exception User Define(Custom Exception)", "Exception User Define(Custom Exception)\Exception User Define(Custom Exception).csproj", "{263F98C8-FEAD-400B-B895-8719B65F4B46}"
EndProject
Project("{FAE04EC0-301F-11D3-BF4B-00C04F79EFBC}") = "Swapping Two Numbers", "Swapping Two Numbers\Swapping Two Numbers.csproj", "{4024A595-FAD8-42DA-9B80-09EB17F96D50}"
EndProject
Project("{FAE04EC0-301F-11D3-BF4B-00C04F79EFBC}") = "Fibonacci Series", "Fibonacci Series\Fibonacci Series.csproj", "{B4A8A517-7C91-4FF4-B556-E417E818FB7F}"
EndProject
Project("{FAE04EC0-301F-11D3-BF4B-00C04F79EFBC}") = "Reverse Of The String", "Reverse Of The String\Reverse Of The String.csproj", "{0F9CE6F5-084F-4984-AB97-EF72B1E14433}"
EndProject
Project("{FAE04EC0-301F-11D3-BF4B-00C04F79EFBC}") = "Square Root Of Number", "Square Root Of Number\Square Root Of Number.csproj", "{8399DBC3-710A-4754-9B66-92015B8814A6}"
EndProject
Project("{FAE04EC0-301F-11D3-BF4B-00C04F79EFBC}") = "Second Big No", "Second Big No\Second Big No.csproj", "{B15B467A-6049-44F6-8DCF-8EAD513A65D1}"
EndProject
Project("{FAE04EC0-301F-11D3-BF4B-00C04F79EFBC}") = "Find Even Number From The List", "Find Even Number From The List\Find Even Number From The List.csproj", "{80AC991E-53A9-44BB-B23D-3A026E29F1B0}"
EndProject
Project("{FAE04EC0-301F-11D3-BF4B-00C04F79EFBC}") = "Find Duplicate Number", "Find Duplicate Number\Find Duplicate Number.csproj", "{158911B2-800C-4BCB-B899-80E854744194}"
EndProject
Project("{FAE04EC0-301F-11D3-BF4B-00C04F79EFBC}") = "Missing Element From Array", "Missing Element From Array\Missing Element From Array.csproj", "{8A86F02E-296F-4DA6-A6E8-2767B1809E4F}"
EndProject
Project("{FAE04EC0-301F-11D3-BF4B-00C04F79EFBC}") = "Star Pattern 1", "Star Pattern\Star Pattern 1.csproj", "{A60FB4BD-ED26-4D08-BBFA-D3D424A7415D}"
EndProject
Project("{FAE04EC0-301F-11D3-BF4B-00C04F79EFBC}") = "Star Pattern 2", "Star Pattern 2\Star Pattern 2.csproj", "{39608B61-EB42-46AC-8169-89CBD30A17DF}"
EndProject
Project("{FAE04EC0-301F-11D3-BF4B-00C04F79EFBC}") = "Star Pattern 3", "Star Pattern 3\Star Pattern 3.csproj", "{0E83B303-0933-45A9-8227-BCD77C745387}"
EndProject
Project("{FAE04EC0-301F-11D3-BF4B-00C04F79EFBC}") = "Star Pattern 4", "Star Pattern 4\Star Pattern 4.csproj", "{24C3A6D2-C070-43CA-AA4F-85E65E9BD00F}"
EndProject
Project("{FAE04EC0-301F-11D3-BF4B-00C04F79EFBC}") = "Star Pattern 5", "Star Pattern 5\Star Pattern 5.csproj", "{9FB696D8-866A-4D68-AD69-5B7F04C677A5}"
EndProject
Project("{FAE04EC0-301F-11D3-BF4B-00C04F79EFBC}") = "Star Pattern 6", "Star Pattern 6\Star Pattern 6.csproj", "{52C2C2A8-6B02-4EAC-86EB-FA37583AA71A}"
EndProject
Project("{FAE04EC0-301F-11D3-BF4B-00C04F79EFBC}") = "Star Pattern 7", "Star Pattern 7\Star Pattern 7.csproj", "{AFA028AF-C18A-4677-8D5F-1299B44D7046}"
EndProject
Project("{FAE04EC0-301F-11D3-BF4B-00C04F79EFBC}") = "Pyramid Pattern 1", "Pyramid Pattern 1\Pyramid Pattern 1.csproj", "{C3A3A088-227D-44D1-B8C4-A7AB1734F161}"
EndProject
Project("{FAE04EC0-301F-11D3-BF4B-00C04F79EFBC}") = "Pyramid Pattern 2", "Pyramid Pattern 2\Pyramid Pattern 2.csproj", "{7DBEF84A-5132-468D-9859-636397C548E0}"
EndProject
Project("{FAE04EC0-301F-11D3-BF4B-00C04F79EFBC}") = "Pyramid Pattern 3", "Pyramid Pattern 3\Pyramid Pattern 3.csproj", "{8B9875F8-55E5-40F1-8261-4610E368C981}"
EndProject
Project("{FAE04EC0-301F-11D3-BF4B-00C04F79EFBC}") = "Pyramid Pattern 4", "Pyramid Pattern 4\Pyramid Pattern 4.csproj", "{4A6F2D34-0BE7-4060-B83E-1BF10655A105}"
EndProject
Project("{FAE04EC0-301F-11D3-BF4B-00C04F79EFBC}") = "Diamond Problem", "Diamond Problem\Diamond Problem.csproj", "{484FC7D4-44F9-4E22-9DE8-A3572B8FD13A}"
EndProject
Project("{FAE04EC0-301F-11D3-BF4B-00C04F79EFBC}") = "Checked And Unchecked", "Checked And Unchecked\Checked And Unchecked.csproj", "{ECC88EA7-BD3C-4A45-BFDC-CA1B6172E1B0}"
EndProject
Project("{FAE04EC0-301F-11D3-BF4B-00C04F79EFBC}") = "FileStreams", "FileStream\FileStreams.csproj", "{E9FFF29C-46AA-493F-A8F9-C0263D0B35F3}"
EndProject
Project("{FAE04EC0-301F-11D3-BF4B-00C04F79EFBC}") = "Stream Writer", "Stream Writer\Stream Writer.csproj", "{21F442A2-7B6A-498F-BD00-961E2895AC15}"
EndProject
Project("{FAE04EC0-301F-11D3-BF4B-00C04F79EFBC}") = "Stream Reader", "Stream Reader\Stream Reader.csproj", "{78375E80-62A1-40E9-8E20-C7431BEC4B06}"
EndProject
Project("{FAE04EC0-301F-11D3-BF4B-00C04F79EFBC}") = "Text Writer", "Text Writer\Text Writer.csproj", "{6677EF69-B952-4DE5-A156-C26BB4A2743E}"
EndProject
Global
	GlobalSection(SolutionConfigurationPlatforms) = preSolution
		Debug|Any CPU = Debug|Any CPU
		Release|Any CPU = Release|Any CPU
	EndGlobalSection
	GlobalSection(ProjectConfigurationPlatforms) = postSolution
		{0304C24D-70A9-45E7-9662-75D204AD0F81}.Debug|Any CPU.ActiveCfg = Debug|Any CPU
		{0304C24D-70A9-45E7-9662-75D204AD0F81}.Debug|Any CPU.Build.0 = Debug|Any CPU
		{0304C24D-70A9-45E7-9662-75D204AD0F81}.Release|Any CPU.ActiveCfg = Release|Any CPU
		{0304C24D-70A9-45E7-9662-75D204AD0F81}.Release|Any CPU.Build.0 = Release|Any CPU
		{B4B34D51-4561-430E-AA7E-2A0FE5213B00}.Debug|Any CPU.ActiveCfg = Debug|Any CPU
		{B4B34D51-4561-430E-AA7E-2A0FE5213B00}.Debug|Any CPU.Build.0 = Debug|Any CPU
		{B4B34D51-4561-430E-AA7E-2A0FE5213B00}.Release|Any CPU.ActiveCfg = Release|Any CPU
		{B4B34D51-4561-430E-AA7E-2A0FE5213B00}.Release|Any CPU.Build.0 = Release|Any CPU
		{09A58B99-555F-4E85-BDDE-262E9D121EBD}.Debug|Any CPU.ActiveCfg = Debug|Any CPU
		{09A58B99-555F-4E85-BDDE-262E9D121EBD}.Debug|Any CPU.Build.0 = Debug|Any CPU
		{09A58B99-555F-4E85-BDDE-262E9D121EBD}.Release|Any CPU.ActiveCfg = Release|Any CPU
		{09A58B99-555F-4E85-BDDE-262E9D121EBD}.Release|Any CPU.Build.0 = Release|Any CPU
		{AE8C53A0-1690-4E4A-AA8A-A7EA9C4A7304}.Debug|Any CPU.ActiveCfg = Debug|Any CPU
		{AE8C53A0-1690-4E4A-AA8A-A7EA9C4A7304}.Debug|Any CPU.Build.0 = Debug|Any CPU
		{AE8C53A0-1690-4E4A-AA8A-A7EA9C4A7304}.Release|Any CPU.ActiveCfg = Release|Any CPU
		{AE8C53A0-1690-4E4A-AA8A-A7EA9C4A7304}.Release|Any CPU.Build.0 = Release|Any CPU
		{DEF7DC14-802B-432C-84BD-4D5B38F06CA6}.Debug|Any CPU.ActiveCfg = Debug|Any CPU
		{DEF7DC14-802B-432C-84BD-4D5B38F06CA6}.Debug|Any CPU.Build.0 = Debug|Any CPU
		{DEF7DC14-802B-432C-84BD-4D5B38F06CA6}.Release|Any CPU.ActiveCfg = Release|Any CPU
		{DEF7DC14-802B-432C-84BD-4D5B38F06CA6}.Release|Any CPU.Build.0 = Release|Any CPU
		{B6D57EFC-8354-40FD-A96B-FC8F4B4AD669}.Debug|Any CPU.ActiveCfg = Debug|Any CPU
		{B6D57EFC-8354-40FD-A96B-FC8F4B4AD669}.Debug|Any CPU.Build.0 = Debug|Any CPU
		{B6D57EFC-8354-40FD-A96B-FC8F4B4AD669}.Release|Any CPU.ActiveCfg = Release|Any CPU
		{B6D57EFC-8354-40FD-A96B-FC8F4B4AD669}.Release|Any CPU.Build.0 = Release|Any CPU
		{698C4BDB-8EEB-44E7-AE54-91C71F4A7B19}.Debug|Any CPU.ActiveCfg = Debug|Any CPU
		{698C4BDB-8EEB-44E7-AE54-91C71F4A7B19}.Debug|Any CPU.Build.0 = Debug|Any CPU
		{698C4BDB-8EEB-44E7-AE54-91C71F4A7B19}.Release|Any CPU.ActiveCfg = Release|Any CPU
		{698C4BDB-8EEB-44E7-AE54-91C71F4A7B19}.Release|Any CPU.Build.0 = Release|Any CPU
		{E92D910A-540D-4204-ADAB-B1ABC60B8F59}.Debug|Any CPU.ActiveCfg = Debug|Any CPU
		{E92D910A-540D-4204-ADAB-B1ABC60B8F59}.Debug|Any CPU.Build.0 = Debug|Any CPU
		{E92D910A-540D-4204-ADAB-B1ABC60B8F59}.Release|Any CPU.ActiveCfg = Release|Any CPU
		{E92D910A-540D-4204-ADAB-B1ABC60B8F59}.Release|Any CPU.Build.0 = Release|Any CPU
		{7AF889C0-5D83-4DA6-BD2F-067BCDB91B20}.Debug|Any CPU.ActiveCfg = Debug|Any CPU
		{7AF889C0-5D83-4DA6-BD2F-067BCDB91B20}.Debug|Any CPU.Build.0 = Debug|Any CPU
		{7AF889C0-5D83-4DA6-BD2F-067BCDB91B20}.Release|Any CPU.ActiveCfg = Release|Any CPU
		{7AF889C0-5D83-4DA6-BD2F-067BCDB91B20}.Release|Any CPU.Build.0 = Release|Any CPU
		{0F242702-64F7-48D6-8CCE-B5E25DC60224}.Debug|Any CPU.ActiveCfg = Debug|Any CPU
		{0F242702-64F7-48D6-8CCE-B5E25DC60224}.Debug|Any CPU.Build.0 = Debug|Any CPU
		{0F242702-64F7-48D6-8CCE-B5E25DC60224}.Release|Any CPU.ActiveCfg = Release|Any CPU
		{0F242702-64F7-48D6-8CCE-B5E25DC60224}.Release|Any CPU.Build.0 = Release|Any CPU
		{34C52DB4-7F1F-4561-9E43-A4611917B7C7}.Debug|Any CPU.ActiveCfg = Debug|Any CPU
		{34C52DB4-7F1F-4561-9E43-A4611917B7C7}.Debug|Any CPU.Build.0 = Debug|Any CPU
		{34C52DB4-7F1F-4561-9E43-A4611917B7C7}.Release|Any CPU.ActiveCfg = Release|Any CPU
		{34C52DB4-7F1F-4561-9E43-A4611917B7C7}.Release|Any CPU.Build.0 = Release|Any CPU
		{371D16FB-0172-48F0-9EA5-58C9B12DEABD}.Debug|Any CPU.ActiveCfg = Debug|Any CPU
		{371D16FB-0172-48F0-9EA5-58C9B12DEABD}.Debug|Any CPU.Build.0 = Debug|Any CPU
		{371D16FB-0172-48F0-9EA5-58C9B12DEABD}.Release|Any CPU.ActiveCfg = Release|Any CPU
		{371D16FB-0172-48F0-9EA5-58C9B12DEABD}.Release|Any CPU.Build.0 = Release|Any CPU
		{FE6A16AD-E075-4715-AB71-BEC1F8CB5C58}.Debug|Any CPU.ActiveCfg = Debug|Any CPU
		{FE6A16AD-E075-4715-AB71-BEC1F8CB5C58}.Debug|Any CPU.Build.0 = Debug|Any CPU
		{FE6A16AD-E075-4715-AB71-BEC1F8CB5C58}.Release|Any CPU.ActiveCfg = Release|Any CPU
		{FE6A16AD-E075-4715-AB71-BEC1F8CB5C58}.Release|Any CPU.Build.0 = Release|Any CPU
		{E60448E7-5ED1-436B-9420-23AD3228E9A5}.Debug|Any CPU.ActiveCfg = Debug|Any CPU
		{E60448E7-5ED1-436B-9420-23AD3228E9A5}.Debug|Any CPU.Build.0 = Debug|Any CPU
		{E60448E7-5ED1-436B-9420-23AD3228E9A5}.Release|Any CPU.ActiveCfg = Release|Any CPU
		{E60448E7-5ED1-436B-9420-23AD3228E9A5}.Release|Any CPU.Build.0 = Release|Any CPU
		{5C4CF8D3-BE02-4480-8645-9240F54D367B}.Debug|Any CPU.ActiveCfg = Debug|Any CPU
		{5C4CF8D3-BE02-4480-8645-9240F54D367B}.Debug|Any CPU.Build.0 = Debug|Any CPU
		{5C4CF8D3-BE02-4480-8645-9240F54D367B}.Release|Any CPU.ActiveCfg = Release|Any CPU
		{5C4CF8D3-BE02-4480-8645-9240F54D367B}.Release|Any CPU.Build.0 = Release|Any CPU
		{D607CE5E-FF61-4E15-8DA7-29ADCDBD4DFD}.Debug|Any CPU.ActiveCfg = Debug|Any CPU
		{D607CE5E-FF61-4E15-8DA7-29ADCDBD4DFD}.Debug|Any CPU.Build.0 = Debug|Any CPU
		{D607CE5E-FF61-4E15-8DA7-29ADCDBD4DFD}.Release|Any CPU.ActiveCfg = Release|Any CPU
		{D607CE5E-FF61-4E15-8DA7-29ADCDBD4DFD}.Release|Any CPU.Build.0 = Release|Any CPU
		{93ABAAA1-A5E4-4708-B882-657D7B127F35}.Debug|Any CPU.ActiveCfg = Debug|Any CPU
		{93ABAAA1-A5E4-4708-B882-657D7B127F35}.Debug|Any CPU.Build.0 = Debug|Any CPU
		{93ABAAA1-A5E4-4708-B882-657D7B127F35}.Release|Any CPU.ActiveCfg = Release|Any CPU
		{93ABAAA1-A5E4-4708-B882-657D7B127F35}.Release|Any CPU.Build.0 = Release|Any CPU
		{8BA7FC03-5460-42DA-81D5-703CCF74906A}.Debug|Any CPU.ActiveCfg = Debug|Any CPU
		{8BA7FC03-5460-42DA-81D5-703CCF74906A}.Debug|Any CPU.Build.0 = Debug|Any CPU
		{8BA7FC03-5460-42DA-81D5-703CCF74906A}.Release|Any CPU.ActiveCfg = Release|Any CPU
		{8BA7FC03-5460-42DA-81D5-703CCF74906A}.Release|Any CPU.Build.0 = Release|Any CPU
		{07EC6A81-AA76-4EDA-8D4C-0F6F4B767064}.Debug|Any CPU.ActiveCfg = Debug|Any CPU
		{07EC6A81-AA76-4EDA-8D4C-0F6F4B767064}.Debug|Any CPU.Build.0 = Debug|Any CPU
		{07EC6A81-AA76-4EDA-8D4C-0F6F4B767064}.Release|Any CPU.ActiveCfg = Release|Any CPU
		{07EC6A81-AA76-4EDA-8D4C-0F6F4B767064}.Release|Any CPU.Build.0 = Release|Any CPU
		{861953F2-E7EC-4504-9652-9F51F4A9F880}.Debug|Any CPU.ActiveCfg = Debug|Any CPU
		{861953F2-E7EC-4504-9652-9F51F4A9F880}.Debug|Any CPU.Build.0 = Debug|Any CPU
		{861953F2-E7EC-4504-9652-9F51F4A9F880}.Release|Any CPU.ActiveCfg = Release|Any CPU
		{861953F2-E7EC-4504-9652-9F51F4A9F880}.Release|Any CPU.Build.0 = Release|Any CPU
		{ACD58EF7-8A37-433B-914C-F6CA5271DC89}.Debug|Any CPU.ActiveCfg = Debug|Any CPU
		{ACD58EF7-8A37-433B-914C-F6CA5271DC89}.Debug|Any CPU.Build.0 = Debug|Any CPU
		{ACD58EF7-8A37-433B-914C-F6CA5271DC89}.Release|Any CPU.ActiveCfg = Release|Any CPU
		{ACD58EF7-8A37-433B-914C-F6CA5271DC89}.Release|Any CPU.Build.0 = Release|Any CPU
		{6CC6ECE0-9739-4866-AAC3-DB2165719BE3}.Debug|Any CPU.ActiveCfg = Debug|Any CPU
		{6CC6ECE0-9739-4866-AAC3-DB2165719BE3}.Debug|Any CPU.Build.0 = Debug|Any CPU
		{6CC6ECE0-9739-4866-AAC3-DB2165719BE3}.Release|Any CPU.ActiveCfg = Release|Any CPU
		{6CC6ECE0-9739-4866-AAC3-DB2165719BE3}.Release|Any CPU.Build.0 = Release|Any CPU
		{5B93BACE-BF27-4806-9A2F-16BE43C9BBBF}.Debug|Any CPU.ActiveCfg = Debug|Any CPU
		{5B93BACE-BF27-4806-9A2F-16BE43C9BBBF}.Debug|Any CPU.Build.0 = Debug|Any CPU
		{5B93BACE-BF27-4806-9A2F-16BE43C9BBBF}.Release|Any CPU.ActiveCfg = Release|Any CPU
		{5B93BACE-BF27-4806-9A2F-16BE43C9BBBF}.Release|Any CPU.Build.0 = Release|Any CPU
		{783783B1-A4FF-453E-A649-A4D73F008DE5}.Debug|Any CPU.ActiveCfg = Debug|Any CPU
		{783783B1-A4FF-453E-A649-A4D73F008DE5}.Debug|Any CPU.Build.0 = Debug|Any CPU
		{783783B1-A4FF-453E-A649-A4D73F008DE5}.Release|Any CPU.ActiveCfg = Release|Any CPU
		{783783B1-A4FF-453E-A649-A4D73F008DE5}.Release|Any CPU.Build.0 = Release|Any CPU
		{84503723-B487-4323-9EA1-1F4BA28F9FB7}.Debug|Any CPU.ActiveCfg = Debug|Any CPU
		{84503723-B487-4323-9EA1-1F4BA28F9FB7}.Debug|Any CPU.Build.0 = Debug|Any CPU
		{84503723-B487-4323-9EA1-1F4BA28F9FB7}.Release|Any CPU.ActiveCfg = Release|Any CPU
		{84503723-B487-4323-9EA1-1F4BA28F9FB7}.Release|Any CPU.Build.0 = Release|Any CPU
		{FF2B3166-E06E-4366-9EB4-DB02C2C23D6B}.Debug|Any CPU.ActiveCfg = Debug|Any CPU
		{FF2B3166-E06E-4366-9EB4-DB02C2C23D6B}.Debug|Any CPU.Build.0 = Debug|Any CPU
		{FF2B3166-E06E-4366-9EB4-DB02C2C23D6B}.Release|Any CPU.ActiveCfg = Release|Any CPU
		{FF2B3166-E06E-4366-9EB4-DB02C2C23D6B}.Release|Any CPU.Build.0 = Release|Any CPU
		{EC4BB397-85D1-4B46-BC96-A7D5E261A538}.Debug|Any CPU.ActiveCfg = Debug|Any CPU
		{EC4BB397-85D1-4B46-BC96-A7D5E261A538}.Debug|Any CPU.Build.0 = Debug|Any CPU
		{EC4BB397-85D1-4B46-BC96-A7D5E261A538}.Release|Any CPU.ActiveCfg = Release|Any CPU
		{EC4BB397-85D1-4B46-BC96-A7D5E261A538}.Release|Any CPU.Build.0 = Release|Any CPU
		{C01EFAC5-6410-4524-AE03-21ABCC113C15}.Debug|Any CPU.ActiveCfg = Debug|Any CPU
		{C01EFAC5-6410-4524-AE03-21ABCC113C15}.Debug|Any CPU.Build.0 = Debug|Any CPU
		{C01EFAC5-6410-4524-AE03-21ABCC113C15}.Release|Any CPU.ActiveCfg = Release|Any CPU
		{C01EFAC5-6410-4524-AE03-21ABCC113C15}.Release|Any CPU.Build.0 = Release|Any CPU
		{263F98C8-FEAD-400B-B895-8719B65F4B46}.Debug|Any CPU.ActiveCfg = Debug|Any CPU
		{263F98C8-FEAD-400B-B895-8719B65F4B46}.Debug|Any CPU.Build.0 = Debug|Any CPU
		{263F98C8-FEAD-400B-B895-8719B65F4B46}.Release|Any CPU.ActiveCfg = Release|Any CPU
		{263F98C8-FEAD-400B-B895-8719B65F4B46}.Release|Any CPU.Build.0 = Release|Any CPU
		{4024A595-FAD8-42DA-9B80-09EB17F96D50}.Debug|Any CPU.ActiveCfg = Debug|Any CPU
		{4024A595-FAD8-42DA-9B80-09EB17F96D50}.Debug|Any CPU.Build.0 = Debug|Any CPU
		{4024A595-FAD8-42DA-9B80-09EB17F96D50}.Release|Any CPU.ActiveCfg = Release|Any CPU
		{4024A595-FAD8-42DA-9B80-09EB17F96D50}.Release|Any CPU.Build.0 = Release|Any CPU
		{B4A8A517-7C91-4FF4-B556-E417E818FB7F}.Debug|Any CPU.ActiveCfg = Debug|Any CPU
		{B4A8A517-7C91-4FF4-B556-E417E818FB7F}.Debug|Any CPU.Build.0 = Debug|Any CPU
		{B4A8A517-7C91-4FF4-B556-E417E818FB7F}.Release|Any CPU.ActiveCfg = Release|Any CPU
		{B4A8A517-7C91-4FF4-B556-E417E818FB7F}.Release|Any CPU.Build.0 = Release|Any CPU
		{0F9CE6F5-084F-4984-AB97-EF72B1E14433}.Debug|Any CPU.ActiveCfg = Debug|Any CPU
		{0F9CE6F5-084F-4984-AB97-EF72B1E14433}.Debug|Any CPU.Build.0 = Debug|Any CPU
		{0F9CE6F5-084F-4984-AB97-EF72B1E14433}.Release|Any CPU.ActiveCfg = Release|Any CPU
		{0F9CE6F5-084F-4984-AB97-EF72B1E14433}.Release|Any CPU.Build.0 = Release|Any CPU
		{8399DBC3-710A-4754-9B66-92015B8814A6}.Debug|Any CPU.ActiveCfg = Debug|Any CPU
		{8399DBC3-710A-4754-9B66-92015B8814A6}.Debug|Any CPU.Build.0 = Debug|Any CPU
		{8399DBC3-710A-4754-9B66-92015B8814A6}.Release|Any CPU.ActiveCfg = Release|Any CPU
		{8399DBC3-710A-4754-9B66-92015B8814A6}.Release|Any CPU.Build.0 = Release|Any CPU
		{B15B467A-6049-44F6-8DCF-8EAD513A65D1}.Debug|Any CPU.ActiveCfg = Debug|Any CPU
		{B15B467A-6049-44F6-8DCF-8EAD513A65D1}.Debug|Any CPU.Build.0 = Debug|Any CPU
		{B15B467A-6049-44F6-8DCF-8EAD513A65D1}.Release|Any CPU.ActiveCfg = Release|Any CPU
		{B15B467A-6049-44F6-8DCF-8EAD513A65D1}.Release|Any CPU.Build.0 = Release|Any CPU
		{80AC991E-53A9-44BB-B23D-3A026E29F1B0}.Debug|Any CPU.ActiveCfg = Debug|Any CPU
		{80AC991E-53A9-44BB-B23D-3A026E29F1B0}.Debug|Any CPU.Build.0 = Debug|Any CPU
		{80AC991E-53A9-44BB-B23D-3A026E29F1B0}.Release|Any CPU.ActiveCfg = Release|Any CPU
		{80AC991E-53A9-44BB-B23D-3A026E29F1B0}.Release|Any CPU.Build.0 = Release|Any CPU
		{158911B2-800C-4BCB-B899-80E854744194}.Debug|Any CPU.ActiveCfg = Debug|Any CPU
		{158911B2-800C-4BCB-B899-80E854744194}.Debug|Any CPU.Build.0 = Debug|Any CPU
		{158911B2-800C-4BCB-B899-80E854744194}.Release|Any CPU.ActiveCfg = Release|Any CPU
		{158911B2-800C-4BCB-B899-80E854744194}.Release|Any CPU.Build.0 = Release|Any CPU
		{8A86F02E-296F-4DA6-A6E8-2767B1809E4F}.Debug|Any CPU.ActiveCfg = Debug|Any CPU
		{8A86F02E-296F-4DA6-A6E8-2767B1809E4F}.Debug|Any CPU.Build.0 = Debug|Any CPU
		{8A86F02E-296F-4DA6-A6E8-2767B1809E4F}.Release|Any CPU.ActiveCfg = Release|Any CPU
		{8A86F02E-296F-4DA6-A6E8-2767B1809E4F}.Release|Any CPU.Build.0 = Release|Any CPU
		{A60FB4BD-ED26-4D08-BBFA-D3D424A7415D}.Debug|Any CPU.ActiveCfg = Debug|Any CPU
		{A60FB4BD-ED26-4D08-BBFA-D3D424A7415D}.Debug|Any CPU.Build.0 = Debug|Any CPU
		{A60FB4BD-ED26-4D08-BBFA-D3D424A7415D}.Release|Any CPU.ActiveCfg = Release|Any CPU
		{A60FB4BD-ED26-4D08-BBFA-D3D424A7415D}.Release|Any CPU.Build.0 = Release|Any CPU
		{39608B61-EB42-46AC-8169-89CBD30A17DF}.Debug|Any CPU.ActiveCfg = Debug|Any CPU
		{39608B61-EB42-46AC-8169-89CBD30A17DF}.Debug|Any CPU.Build.0 = Debug|Any CPU
		{39608B61-EB42-46AC-8169-89CBD30A17DF}.Release|Any CPU.ActiveCfg = Release|Any CPU
		{39608B61-EB42-46AC-8169-89CBD30A17DF}.Release|Any CPU.Build.0 = Release|Any CPU
		{0E83B303-0933-45A9-8227-BCD77C745387}.Debug|Any CPU.ActiveCfg = Debug|Any CPU
		{0E83B303-0933-45A9-8227-BCD77C745387}.Debug|Any CPU.Build.0 = Debug|Any CPU
		{0E83B303-0933-45A9-8227-BCD77C745387}.Release|Any CPU.ActiveCfg = Release|Any CPU
		{0E83B303-0933-45A9-8227-BCD77C745387}.Release|Any CPU.Build.0 = Release|Any CPU
		{24C3A6D2-C070-43CA-AA4F-85E65E9BD00F}.Debug|Any CPU.ActiveCfg = Debug|Any CPU
		{24C3A6D2-C070-43CA-AA4F-85E65E9BD00F}.Debug|Any CPU.Build.0 = Debug|Any CPU
		{24C3A6D2-C070-43CA-AA4F-85E65E9BD00F}.Release|Any CPU.ActiveCfg = Release|Any CPU
		{24C3A6D2-C070-43CA-AA4F-85E65E9BD00F}.Release|Any CPU.Build.0 = Release|Any CPU
		{9FB696D8-866A-4D68-AD69-5B7F04C677A5}.Debug|Any CPU.ActiveCfg = Debug|Any CPU
		{9FB696D8-866A-4D68-AD69-5B7F04C677A5}.Debug|Any CPU.Build.0 = Debug|Any CPU
		{9FB696D8-866A-4D68-AD69-5B7F04C677A5}.Release|Any CPU.ActiveCfg = Release|Any CPU
		{9FB696D8-866A-4D68-AD69-5B7F04C677A5}.Release|Any CPU.Build.0 = Release|Any CPU
		{52C2C2A8-6B02-4EAC-86EB-FA37583AA71A}.Debug|Any CPU.ActiveCfg = Debug|Any CPU
		{52C2C2A8-6B02-4EAC-86EB-FA37583AA71A}.Debug|Any CPU.Build.0 = Debug|Any CPU
		{52C2C2A8-6B02-4EAC-86EB-FA37583AA71A}.Release|Any CPU.ActiveCfg = Release|Any CPU
		{52C2C2A8-6B02-4EAC-86EB-FA37583AA71A}.Release|Any CPU.Build.0 = Release|Any CPU
		{AFA028AF-C18A-4677-8D5F-1299B44D7046}.Debug|Any CPU.ActiveCfg = Debug|Any CPU
		{AFA028AF-C18A-4677-8D5F-1299B44D7046}.Debug|Any CPU.Build.0 = Debug|Any CPU
		{AFA028AF-C18A-4677-8D5F-1299B44D7046}.Release|Any CPU.ActiveCfg = Release|Any CPU
		{AFA028AF-C18A-4677-8D5F-1299B44D7046}.Release|Any CPU.Build.0 = Release|Any CPU
		{C3A3A088-227D-44D1-B8C4-A7AB1734F161}.Debug|Any CPU.ActiveCfg = Debug|Any CPU
		{C3A3A088-227D-44D1-B8C4-A7AB1734F161}.Debug|Any CPU.Build.0 = Debug|Any CPU
		{C3A3A088-227D-44D1-B8C4-A7AB1734F161}.Release|Any CPU.ActiveCfg = Release|Any CPU
		{C3A3A088-227D-44D1-B8C4-A7AB1734F161}.Release|Any CPU.Build.0 = Release|Any CPU
		{7DBEF84A-5132-468D-9859-636397C548E0}.Debug|Any CPU.ActiveCfg = Debug|Any CPU
		{7DBEF84A-5132-468D-9859-636397C548E0}.Debug|Any CPU.Build.0 = Debug|Any CPU
		{7DBEF84A-5132-468D-9859-636397C548E0}.Release|Any CPU.ActiveCfg = Release|Any CPU
		{7DBEF84A-5132-468D-9859-636397C548E0}.Release|Any CPU.Build.0 = Release|Any CPU
		{8B9875F8-55E5-40F1-8261-4610E368C981}.Debug|Any CPU.ActiveCfg = Debug|Any CPU
		{8B9875F8-55E5-40F1-8261-4610E368C981}.Debug|Any CPU.Build.0 = Debug|Any CPU
		{8B9875F8-55E5-40F1-8261-4610E368C981}.Release|Any CPU.ActiveCfg = Release|Any CPU
		{8B9875F8-55E5-40F1-8261-4610E368C981}.Release|Any CPU.Build.0 = Release|Any CPU
		{4A6F2D34-0BE7-4060-B83E-1BF10655A105}.Debug|Any CPU.ActiveCfg = Debug|Any CPU
		{4A6F2D34-0BE7-4060-B83E-1BF10655A105}.Debug|Any CPU.Build.0 = Debug|Any CPU
		{4A6F2D34-0BE7-4060-B83E-1BF10655A105}.Release|Any CPU.ActiveCfg = Release|Any CPU
		{4A6F2D34-0BE7-4060-B83E-1BF10655A105}.Release|Any CPU.Build.0 = Release|Any CPU
		{484FC7D4-44F9-4E22-9DE8-A3572B8FD13A}.Debug|Any CPU.ActiveCfg = Debug|Any CPU
		{484FC7D4-44F9-4E22-9DE8-A3572B8FD13A}.Debug|Any CPU.Build.0 = Debug|Any CPU
		{484FC7D4-44F9-4E22-9DE8-A3572B8FD13A}.Release|Any CPU.ActiveCfg = Release|Any CPU
		{484FC7D4-44F9-4E22-9DE8-A3572B8FD13A}.Release|Any CPU.Build.0 = Release|Any CPU
		{ECC88EA7-BD3C-4A45-BFDC-CA1B6172E1B0}.Debug|Any CPU.ActiveCfg = Debug|Any CPU
		{ECC88EA7-BD3C-4A45-BFDC-CA1B6172E1B0}.Debug|Any CPU.Build.0 = Debug|Any CPU
		{ECC88EA7-BD3C-4A45-BFDC-CA1B6172E1B0}.Release|Any CPU.ActiveCfg = Release|Any CPU
		{ECC88EA7-BD3C-4A45-BFDC-CA1B6172E1B0}.Release|Any CPU.Build.0 = Release|Any CPU
		{E9FFF29C-46AA-493F-A8F9-C0263D0B35F3}.Debug|Any CPU.ActiveCfg = Debug|Any CPU
		{E9FFF29C-46AA-493F-A8F9-C0263D0B35F3}.Debug|Any CPU.Build.0 = Debug|Any CPU
		{E9FFF29C-46AA-493F-A8F9-C0263D0B35F3}.Release|Any CPU.ActiveCfg = Release|Any CPU
		{E9FFF29C-46AA-493F-A8F9-C0263D0B35F3}.Release|Any CPU.Build.0 = Release|Any CPU
		{21F442A2-7B6A-498F-BD00-961E2895AC15}.Debug|Any CPU.ActiveCfg = Debug|Any CPU
		{21F442A2-7B6A-498F-BD00-961E2895AC15}.Debug|Any CPU.Build.0 = Debug|Any CPU
		{21F442A2-7B6A-498F-BD00-961E2895AC15}.Release|Any CPU.ActiveCfg = Release|Any CPU
		{21F442A2-7B6A-498F-BD00-961E2895AC15}.Release|Any CPU.Build.0 = Release|Any CPU
		{78375E80-62A1-40E9-8E20-C7431BEC4B06}.Debug|Any CPU.ActiveCfg = Debug|Any CPU
		{78375E80-62A1-40E9-8E20-C7431BEC4B06}.Debug|Any CPU.Build.0 = Debug|Any CPU
		{78375E80-62A1-40E9-8E20-C7431BEC4B06}.Release|Any CPU.ActiveCfg = Release|Any CPU
		{78375E80-62A1-40E9-8E20-C7431BEC4B06}.Release|Any CPU.Build.0 = Release|Any CPU
		{6677EF69-B952-4DE5-A156-C26BB4A2743E}.Debug|Any CPU.ActiveCfg = Debug|Any CPU
		{6677EF69-B952-4DE5-A156-C26BB4A2743E}.Debug|Any CPU.Build.0 = Debug|Any CPU
		{6677EF69-B952-4DE5-A156-C26BB4A2743E}.Release|Any CPU.ActiveCfg = Release|Any CPU
		{6677EF69-B952-4DE5-A156-C26BB4A2743E}.Release|Any CPU.Build.0 = Release|Any CPU
	EndGlobalSection
	GlobalSection(SolutionProperties) = preSolution
		HideSolutionNode = FALSE
	EndGlobalSection
	GlobalSection(ExtensibilityGlobals) = postSolution
		SolutionGuid = {3361EA5E-46CD-4720-9DF6-BBE4AB2A09F7}
	EndGlobalSection
EndGlobal
